
Microsoft Visual Studio Solution File, Format Version 12.00
# Visual Studio 15
VisualStudioVersion = 15.0.28307.757
MinimumVisualStudioVersion = 10.0.40219.1
Project("{9A19103F-16F7-4668-BE54-9A1E7A4F7556}") = "SizinIcinSectiklerimiz.UI", "SizinIcinSectiklerimiz.UI\SizinIcinSectiklerimiz.UI.csproj", "{FBC451FE-A18E-4CF0-8B09-71FE6DEA46EF}"
EndProject
Project("{9A19103F-16F7-4668-BE54-9A1E7A4F7556}") = "SizinIcinSectiklermiz.Data", "SizinIcinSectiklermiz.Data\SizinIcinSectiklermiz.Data.csproj", "{CFCA3AD5-EA76-441E-887A-8DF947FAE8D3}"
EndProject
Global
	GlobalSection(SolutionConfigurationPlatforms) = preSolution
		Debug|Any CPU = Debug|Any CPU
		Release|Any CPU = Release|Any CPU
	EndGlobalSection
	GlobalSection(ProjectConfigurationPlatforms) = postSolution
		{FBC451FE-A18E-4CF0-8B09-71FE6DEA46EF}.Debug|Any CPU.ActiveCfg = Debug|Any CPU
		{FBC451FE-A18E-4CF0-8B09-71FE6DEA46EF}.Debug|Any CPU.Build.0 = Debug|Any CPU
		{FBC451FE-A18E-4CF0-8B09-71FE6DEA46EF}.Release|Any CPU.ActiveCfg = Release|Any CPU
		{FBC451FE-A18E-4CF0-8B09-71FE6DEA46EF}.Release|Any CPU.Build.0 = Release|Any CPU
		{CFCA3AD5-EA76-441E-887A-8DF947FAE8D3}.Debug|Any CPU.ActiveCfg = Debug|Any CPU
		{CFCA3AD5-EA76-441E-887A-8DF947FAE8D3}.Debug|Any CPU.Build.0 = Debug|Any CPU
		{CFCA3AD5-EA76-441E-887A-8DF947FAE8D3}.Release|Any CPU.ActiveCfg = Release|Any CPU
		{CFCA3AD5-EA76-441E-887A-8DF947FAE8D3}.Release|Any CPU.Build.0 = Release|Any CPU
	EndGlobalSection
	GlobalSection(SolutionProperties) = preSolution
		HideSolutionNode = FALSE
	EndGlobalSection
	GlobalSection(ExtensibilityGlobals) = postSolution
		SolutionGuid = {3A13599C-5B51-4128-8DE4-F232E6396F42}
	EndGlobalSection
EndGlobal
